
Microsoft Visual Studio Solution File, Format Version 12.00
# Visual Studio 14
VisualStudioVersion = 14.0.25420.1
MinimumVisualStudioVersion = 10.0.40219.1
Project("{FAE04EC0-301F-11D3-BF4B-00C04F79EFBC}") = "AutoParts.MainApplication", "AutoParts.MainApplication\AutoParts.MainApplication.csproj", "{5A97F893-3F52-4292-96B9-BC0CE80A2DBC}"
EndProject
Project("{FAE04EC0-301F-11D3-BF4B-00C04F79EFBC}") = "AutoParts.DataAccessLayer", "AutoParts.DataAccessLayer\AutoParts.DataAccessLayer.csproj", "{0C314AEA-4939-4F69-A2AA-7F67366FBB64}"
EndProject
Project("{FAE04EC0-301F-11D3-BF4B-00C04F79EFBC}") = "AutoParts.Model", "AutoParts.Model\AutoParts.Model.csproj", "{846794FA-F9F6-4EFA-89F2-7427C2F1FDE1}"
EndProject
Project("{FAE04EC0-301F-11D3-BF4B-00C04F79EFBC}") = "AutoParts.Test", "AutoParts.Test\AutoParts.Test.csproj", "{36A41D14-7E9A-4A86-BE27-DFCAE59498F0}"
EndProject
Global
	GlobalSection(SolutionConfigurationPlatforms) = preSolution
		Debug|Any CPU = Debug|Any CPU
		Release|Any CPU = Release|Any CPU
	EndGlobalSection
	GlobalSection(ProjectConfigurationPlatforms) = postSolution
		{5A97F893-3F52-4292-96B9-BC0CE80A2DBC}.Debug|Any CPU.ActiveCfg = Debug|Any CPU
		{5A97F893-3F52-4292-96B9-BC0CE80A2DBC}.Debug|Any CPU.Build.0 = Debug|Any CPU
		{5A97F893-3F52-4292-96B9-BC0CE80A2DBC}.Release|Any CPU.ActiveCfg = Release|Any CPU
		{5A97F893-3F52-4292-96B9-BC0CE80A2DBC}.Release|Any CPU.Build.0 = Release|Any CPU
		{0C314AEA-4939-4F69-A2AA-7F67366FBB64}.Debug|Any CPU.ActiveCfg = Debug|Any CPU
		{0C314AEA-4939-4F69-A2AA-7F67366FBB64}.Debug|Any CPU.Build.0 = Debug|Any CPU
		{0C314AEA-4939-4F69-A2AA-7F67366FBB64}.Release|Any CPU.ActiveCfg = Release|Any CPU
		{0C314AEA-4939-4F69-A2AA-7F67366FBB64}.Release|Any CPU.Build.0 = Release|Any CPU
		{846794FA-F9F6-4EFA-89F2-7427C2F1FDE1}.Debug|Any CPU.ActiveCfg = Debug|Any CPU
		{846794FA-F9F6-4EFA-89F2-7427C2F1FDE1}.Debug|Any CPU.Build.0 = Debug|Any CPU
		{846794FA-F9F6-4EFA-89F2-7427C2F1FDE1}.Release|Any CPU.ActiveCfg = Release|Any CPU
		{846794FA-F9F6-4EFA-89F2-7427C2F1FDE1}.Release|Any CPU.Build.0 = Release|Any CPU
		{36A41D14-7E9A-4A86-BE27-DFCAE59498F0}.Debug|Any CPU.ActiveCfg = Debug|Any CPU
		{36A41D14-7E9A-4A86-BE27-DFCAE59498F0}.Debug|Any CPU.Build.0 = Debug|Any CPU
		{36A41D14-7E9A-4A86-BE27-DFCAE59498F0}.Release|Any CPU.ActiveCfg = Release|Any CPU
		{36A41D14-7E9A-4A86-BE27-DFCAE59498F0}.Release|Any CPU.Build.0 = Release|Any CPU
	EndGlobalSection
	GlobalSection(SolutionProperties) = preSolution
		HideSolutionNode = FALSE
	EndGlobalSection
EndGlobal
